
Microsoft Visual Studio Solution File, Format Version 12.00
# Visual Studio 15
VisualStudioVersion = 15.0.28307.1972
MinimumVisualStudioVersion = 10.0.40219.1
Project("{FAE04EC0-301F-11D3-BF4B-00C04F79EFBC}") = "AuditApp", "AuditApp\AuditApp.csproj", "{AB624993-468D-4D15-82AA-18E93424D03B}"
EndProject
Global
	GlobalSection(SolutionConfigurationPlatforms) = preSolution
		Debug|Any CPU = Debug|Any CPU
		Release|Any CPU = Release|Any CPU
	EndGlobalSection
	GlobalSection(ProjectConfigurationPlatforms) = postSolution
		{AB624993-468D-4D15-82AA-18E93424D03B}.Debug|Any CPU.ActiveCfg = Debug|Any CPU
		{AB624993-468D-4D15-82AA-18E93424D03B}.Debug|Any CPU.Build.0 = Debug|Any CPU
		{AB624993-468D-4D15-82AA-18E93424D03B}.Release|Any CPU.ActiveCfg = Release|Any CPU
		{AB624993-468D-4D15-82AA-18E93424D03B}.Release|Any CPU.Build.0 = Release|Any CPU
	EndGlobalSection
	GlobalSection(SolutionProperties) = preSolution
		HideSolutionNode = FALSE
	EndGlobalSection
	GlobalSection(ExtensibilityGlobals) = postSolution
		SolutionGuid = {59DB0BC9-9FD6-479B-BF45-83BC760448E4}
	EndGlobalSection
EndGlobal
